
Microsoft Visual Studio Solution File, Format Version 12.00
# Visual Studio 15
VisualStudioVersion = 15.0.28307.329
MinimumVisualStudioVersion = 10.0.40219.1
Project("{FAE04EC0-301F-11D3-BF4B-00C04F79EFBC}") = "MiniSQLEngine", "MiniSQLEngine\MiniSQLEngine.csproj", "{3153FE8A-0F08-4659-B2F2-D17620D515AA}"
EndProject
Project("{FAE04EC0-301F-11D3-BF4B-00C04F79EFBC}") = "Test", "Test\Test\Test.csproj", "{C0663C3E-CD50-4D2C-9D3C-AA422085273C}"
EndProject
Project("{2150E333-8FDC-42A3-9474-1A3956D46DE8}") = "Tests", "Tests", "{26D8AFC2-AA8F-4FBB-B78B-AC7822564698}"
EndProject
Project("{FAE04EC0-301F-11D3-BF4B-00C04F79EFBC}") = "Demo", "Demo\Demo\Demo.csproj", "{568F4AE6-5F2A-45E2-A89E-5FFB2058AF88}"
EndProject
Project("{FAE04EC0-301F-11D3-BF4B-00C04F79EFBC}") = "ConsoleApp1", "ConsoleApp1\ConsoleApp1.csproj", "{235BAFF5-57BE-4CD4-BA22-F5AC59ED8246}"
EndProject
Global
	GlobalSection(SolutionConfigurationPlatforms) = preSolution
		Debug|Any CPU = Debug|Any CPU
		Release|Any CPU = Release|Any CPU
	EndGlobalSection
	GlobalSection(ProjectConfigurationPlatforms) = postSolution
		{3153FE8A-0F08-4659-B2F2-D17620D515AA}.Debug|Any CPU.ActiveCfg = Debug|Any CPU
		{3153FE8A-0F08-4659-B2F2-D17620D515AA}.Debug|Any CPU.Build.0 = Debug|Any CPU
		{3153FE8A-0F08-4659-B2F2-D17620D515AA}.Release|Any CPU.ActiveCfg = Release|Any CPU
		{3153FE8A-0F08-4659-B2F2-D17620D515AA}.Release|Any CPU.Build.0 = Release|Any CPU
		{C0663C3E-CD50-4D2C-9D3C-AA422085273C}.Debug|Any CPU.ActiveCfg = Debug|Any CPU
		{C0663C3E-CD50-4D2C-9D3C-AA422085273C}.Debug|Any CPU.Build.0 = Debug|Any CPU
		{C0663C3E-CD50-4D2C-9D3C-AA422085273C}.Release|Any CPU.ActiveCfg = Release|Any CPU
		{C0663C3E-CD50-4D2C-9D3C-AA422085273C}.Release|Any CPU.Build.0 = Release|Any CPU
		{568F4AE6-5F2A-45E2-A89E-5FFB2058AF88}.Debug|Any CPU.ActiveCfg = Debug|Any CPU
		{568F4AE6-5F2A-45E2-A89E-5FFB2058AF88}.Debug|Any CPU.Build.0 = Debug|Any CPU
		{568F4AE6-5F2A-45E2-A89E-5FFB2058AF88}.Release|Any CPU.ActiveCfg = Release|Any CPU
		{568F4AE6-5F2A-45E2-A89E-5FFB2058AF88}.Release|Any CPU.Build.0 = Release|Any CPU
		{235BAFF5-57BE-4CD4-BA22-F5AC59ED8246}.Debug|Any CPU.ActiveCfg = Debug|Any CPU
		{235BAFF5-57BE-4CD4-BA22-F5AC59ED8246}.Debug|Any CPU.Build.0 = Debug|Any CPU
		{235BAFF5-57BE-4CD4-BA22-F5AC59ED8246}.Release|Any CPU.ActiveCfg = Release|Any CPU
		{235BAFF5-57BE-4CD4-BA22-F5AC59ED8246}.Release|Any CPU.Build.0 = Release|Any CPU
	EndGlobalSection
	GlobalSection(SolutionProperties) = preSolution
		HideSolutionNode = FALSE
	EndGlobalSection
	GlobalSection(NestedProjects) = preSolution
		{C0663C3E-CD50-4D2C-9D3C-AA422085273C} = {26D8AFC2-AA8F-4FBB-B78B-AC7822564698}
	EndGlobalSection
	GlobalSection(ExtensibilityGlobals) = postSolution
		SolutionGuid = {262A21CD-8B3D-4302-9721-BFF145130E31}
	EndGlobalSection
EndGlobal
