
Microsoft Visual Studio Solution File, Format Version 12.00
# Visual Studio 15
VisualStudioVersion = 15.0.28307.329
MinimumVisualStudioVersion = 10.0.40219.1
Project("{FAE04EC0-301F-11D3-BF4B-00C04F79EFBC}") = "MiniSQLEngine", "MiniSQLEngine\MiniSQLEngine.csproj", "{3153FE8A-0F08-4659-B2F2-D17620D515AA}"
EndProject
Project("{FAE04EC0-301F-11D3-BF4B-00C04F79EFBC}") = "Test", "Test\Test\Test.csproj", "{C0663C3E-CD50-4D2C-9D3C-AA422085273C}"
EndProject
Project("{2150E333-8FDC-42A3-9474-1A3956D46DE8}") = "Tests", "Tests", "{26D8AFC2-AA8F-4FBB-B78B-AC7822564698}"
EndProject
Project("{FAE04EC0-301F-11D3-BF4B-00C04F79EFBC}") = "Demo", "Demo\Demo\Demo.csproj", "{568F4AE6-5F2A-45E2-A89E-5FFB2058AF88}"
EndProject
Project("{FAE04EC0-301F-11D3-BF4B-00C04F79EFBC}") = "CreateTableTest", "CreateTableTest\CreateTableTest.csproj", "{B586C4EE-208D-470A-A111-1DDD40C9258A}"
EndProject
Project("{FAE04EC0-301F-11D3-BF4B-00C04F79EFBC}") = "CreateDropTableTest", "UnitTestProject1\CreateDropTableTest.csproj", "{8597F86B-5BAC-42A0-88C0-196FAE8ABE2C}"
EndProject
Project("{FAE04EC0-301F-11D3-BF4B-00C04F79EFBC}") = "BackpDatabaseTest", "BackpDatabaseTest\BackpDatabaseTest.csproj", "{E4769200-A9AD-45A5-BE9B-17985E8715E0}"
EndProject
Project("{FAE04EC0-301F-11D3-BF4B-00C04F79EFBC}") = "select", "select\select.csproj", "{C4F5D0FA-49E7-463B-8543-DD710D67308C}"
EndProject
Project("{FAE04EC0-301F-11D3-BF4B-00C04F79EFBC}") = "Consola", "Consola\Consola.csproj", "{2D34C73F-1AAC-4743-A56F-89806E0F7DEC}"
EndProject
Project("{FAE04EC0-301F-11D3-BF4B-00C04F79EFBC}") = "InsertTest", "Test\InsertIntoUpdateTest\InsertTest.csproj", "{4642CF9A-B038-457A-9856-2BEB05B36400}"
EndProject
Project("{FAE04EC0-301F-11D3-BF4B-00C04F79EFBC}") = "DeleteTest", "Test\DeleteTest\DeleteTest.csproj", "{8BA4706C-0BAC-4B9C-9A81-705EBE762C7D}"
EndProject
Project("{FAE04EC0-301F-11D3-BF4B-00C04F79EFBC}") = "UpdateTest", "Test\UpdateTest\UpdateTest.csproj", "{EC0024DD-2FDB-462B-ADC7-1622A7C961BD}"
EndProject
Global
	GlobalSection(SolutionConfigurationPlatforms) = preSolution
		Debug|Any CPU = Debug|Any CPU
		Release|Any CPU = Release|Any CPU
	EndGlobalSection
	GlobalSection(ProjectConfigurationPlatforms) = postSolution
		{3153FE8A-0F08-4659-B2F2-D17620D515AA}.Debug|Any CPU.ActiveCfg = Debug|Any CPU
		{3153FE8A-0F08-4659-B2F2-D17620D515AA}.Debug|Any CPU.Build.0 = Debug|Any CPU
		{3153FE8A-0F08-4659-B2F2-D17620D515AA}.Release|Any CPU.ActiveCfg = Release|Any CPU
		{3153FE8A-0F08-4659-B2F2-D17620D515AA}.Release|Any CPU.Build.0 = Release|Any CPU
		{C0663C3E-CD50-4D2C-9D3C-AA422085273C}.Debug|Any CPU.ActiveCfg = Debug|Any CPU
		{C0663C3E-CD50-4D2C-9D3C-AA422085273C}.Debug|Any CPU.Build.0 = Debug|Any CPU
		{C0663C3E-CD50-4D2C-9D3C-AA422085273C}.Release|Any CPU.ActiveCfg = Release|Any CPU
		{C0663C3E-CD50-4D2C-9D3C-AA422085273C}.Release|Any CPU.Build.0 = Release|Any CPU
		{568F4AE6-5F2A-45E2-A89E-5FFB2058AF88}.Debug|Any CPU.ActiveCfg = Debug|Any CPU
		{568F4AE6-5F2A-45E2-A89E-5FFB2058AF88}.Debug|Any CPU.Build.0 = Debug|Any CPU
		{568F4AE6-5F2A-45E2-A89E-5FFB2058AF88}.Release|Any CPU.ActiveCfg = Release|Any CPU
		{568F4AE6-5F2A-45E2-A89E-5FFB2058AF88}.Release|Any CPU.Build.0 = Release|Any CPU
		{B586C4EE-208D-470A-A111-1DDD40C9258A}.Debug|Any CPU.ActiveCfg = Debug|Any CPU
		{B586C4EE-208D-470A-A111-1DDD40C9258A}.Debug|Any CPU.Build.0 = Debug|Any CPU
		{B586C4EE-208D-470A-A111-1DDD40C9258A}.Release|Any CPU.ActiveCfg = Release|Any CPU
		{B586C4EE-208D-470A-A111-1DDD40C9258A}.Release|Any CPU.Build.0 = Release|Any CPU
		{8597F86B-5BAC-42A0-88C0-196FAE8ABE2C}.Debug|Any CPU.ActiveCfg = Debug|Any CPU
		{8597F86B-5BAC-42A0-88C0-196FAE8ABE2C}.Debug|Any CPU.Build.0 = Debug|Any CPU
		{8597F86B-5BAC-42A0-88C0-196FAE8ABE2C}.Release|Any CPU.ActiveCfg = Release|Any CPU
		{8597F86B-5BAC-42A0-88C0-196FAE8ABE2C}.Release|Any CPU.Build.0 = Release|Any CPU
		{E4769200-A9AD-45A5-BE9B-17985E8715E0}.Debug|Any CPU.ActiveCfg = Debug|Any CPU
		{E4769200-A9AD-45A5-BE9B-17985E8715E0}.Debug|Any CPU.Build.0 = Debug|Any CPU
		{E4769200-A9AD-45A5-BE9B-17985E8715E0}.Release|Any CPU.ActiveCfg = Release|Any CPU
		{E4769200-A9AD-45A5-BE9B-17985E8715E0}.Release|Any CPU.Build.0 = Release|Any CPU
		{C4F5D0FA-49E7-463B-8543-DD710D67308C}.Debug|Any CPU.ActiveCfg = Debug|Any CPU
		{C4F5D0FA-49E7-463B-8543-DD710D67308C}.Debug|Any CPU.Build.0 = Debug|Any CPU
		{C4F5D0FA-49E7-463B-8543-DD710D67308C}.Release|Any CPU.ActiveCfg = Release|Any CPU
		{C4F5D0FA-49E7-463B-8543-DD710D67308C}.Release|Any CPU.Build.0 = Release|Any CPU
		{2D34C73F-1AAC-4743-A56F-89806E0F7DEC}.Debug|Any CPU.ActiveCfg = Debug|Any CPU
		{2D34C73F-1AAC-4743-A56F-89806E0F7DEC}.Debug|Any CPU.Build.0 = Debug|Any CPU
		{2D34C73F-1AAC-4743-A56F-89806E0F7DEC}.Release|Any CPU.ActiveCfg = Release|Any CPU
		{2D34C73F-1AAC-4743-A56F-89806E0F7DEC}.Release|Any CPU.Build.0 = Release|Any CPU
		{4642CF9A-B038-457A-9856-2BEB05B36400}.Debug|Any CPU.ActiveCfg = Debug|Any CPU
		{4642CF9A-B038-457A-9856-2BEB05B36400}.Debug|Any CPU.Build.0 = Debug|Any CPU
		{4642CF9A-B038-457A-9856-2BEB05B36400}.Release|Any CPU.ActiveCfg = Release|Any CPU
		{4642CF9A-B038-457A-9856-2BEB05B36400}.Release|Any CPU.Build.0 = Release|Any CPU
		{8BA4706C-0BAC-4B9C-9A81-705EBE762C7D}.Debug|Any CPU.ActiveCfg = Debug|Any CPU
		{8BA4706C-0BAC-4B9C-9A81-705EBE762C7D}.Debug|Any CPU.Build.0 = Debug|Any CPU
		{8BA4706C-0BAC-4B9C-9A81-705EBE762C7D}.Release|Any CPU.ActiveCfg = Release|Any CPU
		{8BA4706C-0BAC-4B9C-9A81-705EBE762C7D}.Release|Any CPU.Build.0 = Release|Any CPU
		{EC0024DD-2FDB-462B-ADC7-1622A7C961BD}.Debug|Any CPU.ActiveCfg = Debug|Any CPU
		{EC0024DD-2FDB-462B-ADC7-1622A7C961BD}.Debug|Any CPU.Build.0 = Debug|Any CPU
		{EC0024DD-2FDB-462B-ADC7-1622A7C961BD}.Release|Any CPU.ActiveCfg = Release|Any CPU
		{EC0024DD-2FDB-462B-ADC7-1622A7C961BD}.Release|Any CPU.Build.0 = Release|Any CPU
	EndGlobalSection
	GlobalSection(SolutionProperties) = preSolution
		HideSolutionNode = FALSE
	EndGlobalSection
	GlobalSection(NestedProjects) = preSolution
		{C0663C3E-CD50-4D2C-9D3C-AA422085273C} = {26D8AFC2-AA8F-4FBB-B78B-AC7822564698}
		{B586C4EE-208D-470A-A111-1DDD40C9258A} = {26D8AFC2-AA8F-4FBB-B78B-AC7822564698}
		{8597F86B-5BAC-42A0-88C0-196FAE8ABE2C} = {26D8AFC2-AA8F-4FBB-B78B-AC7822564698}
		{E4769200-A9AD-45A5-BE9B-17985E8715E0} = {26D8AFC2-AA8F-4FBB-B78B-AC7822564698}
		{C4F5D0FA-49E7-463B-8543-DD710D67308C} = {26D8AFC2-AA8F-4FBB-B78B-AC7822564698}
		{4642CF9A-B038-457A-9856-2BEB05B36400} = {26D8AFC2-AA8F-4FBB-B78B-AC7822564698}
		{EC0024DD-2FDB-462B-ADC7-1622A7C961BD} = {26D8AFC2-AA8F-4FBB-B78B-AC7822564698}
	EndGlobalSection
	GlobalSection(ExtensibilityGlobals) = postSolution
		SolutionGuid = {262A21CD-8B3D-4302-9721-BFF145130E31}
	EndGlobalSection
EndGlobal
