
Microsoft Visual Studio Solution File, Format Version 12.00
# Visual Studio 15
VisualStudioVersion = 15.0.28307.329
MinimumVisualStudioVersion = 10.0.40219.1
Project("{FAE04EC0-301F-11D3-BF4B-00C04F79EFBC}") = "MiniSQLEngine", "MiniSQLEngine\MiniSQLEngine.csproj", "{3153FE8A-0F08-4659-B2F2-D17620D515AA}"
EndProject
Project("{FAE04EC0-301F-11D3-BF4B-00C04F79EFBC}") = "Test", "Test\Test\Test.csproj", "{C0663C3E-CD50-4D2C-9D3C-AA422085273C}"
EndProject
Project("{2150E333-8FDC-42A3-9474-1A3956D46DE8}") = "Tests", "Tests", "{26D8AFC2-AA8F-4FBB-B78B-AC7822564698}"
EndProject
Project("{FAE04EC0-301F-11D3-BF4B-00C04F79EFBC}") = "Demo", "Demo\Demo\Demo.csproj", "{568F4AE6-5F2A-45E2-A89E-5FFB2058AF88}"
EndProject
Project("{FAE04EC0-301F-11D3-BF4B-00C04F79EFBC}") = "ConsoleApp1", "ConsoleApp1\ConsoleApp1.csproj", "{235BAFF5-57BE-4CD4-BA22-F5AC59ED8246}"
EndProject
Project("{FAE04EC0-301F-11D3-BF4B-00C04F79EFBC}") = "CreateTableTest", "CreateTableTest\CreateTableTest.csproj", "{B586C4EE-208D-470A-A111-1DDD40C9258A}"
EndProject
Project("{FAE04EC0-301F-11D3-BF4B-00C04F79EFBC}") = "CreateDropTableTest", "UnitTestProject1\CreateDropTableTest.csproj", "{8597F86B-5BAC-42A0-88C0-196FAE8ABE2C}"
EndProject
Project("{FAE04EC0-301F-11D3-BF4B-00C04F79EFBC}") = "BackpDatabaseTest", "BackpDatabaseTest\BackpDatabaseTest.csproj", "{E4769200-A9AD-45A5-BE9B-17985E8715E0}"
EndProject
Project("{FAE04EC0-301F-11D3-BF4B-00C04F79EFBC}") = "select", "select\select.csproj", "{C4F5D0FA-49E7-463B-8543-DD710D67308C}"
EndProject
Global
	GlobalSection(SolutionConfigurationPlatforms) = preSolution
		Debug|Any CPU = Debug|Any CPU
		Release|Any CPU = Release|Any CPU
	EndGlobalSection
	GlobalSection(ProjectConfigurationPlatforms) = postSolution
		{3153FE8A-0F08-4659-B2F2-D17620D515AA}.Debug|Any CPU.ActiveCfg = Debug|Any CPU
		{3153FE8A-0F08-4659-B2F2-D17620D515AA}.Debug|Any CPU.Build.0 = Debug|Any CPU
		{3153FE8A-0F08-4659-B2F2-D17620D515AA}.Release|Any CPU.ActiveCfg = Release|Any CPU
		{3153FE8A-0F08-4659-B2F2-D17620D515AA}.Release|Any CPU.Build.0 = Release|Any CPU
		{C0663C3E-CD50-4D2C-9D3C-AA422085273C}.Debug|Any CPU.ActiveCfg = Debug|Any CPU
		{C0663C3E-CD50-4D2C-9D3C-AA422085273C}.Debug|Any CPU.Build.0 = Debug|Any CPU
		{C0663C3E-CD50-4D2C-9D3C-AA422085273C}.Release|Any CPU.ActiveCfg = Release|Any CPU
		{C0663C3E-CD50-4D2C-9D3C-AA422085273C}.Release|Any CPU.Build.0 = Release|Any CPU
		{568F4AE6-5F2A-45E2-A89E-5FFB2058AF88}.Debug|Any CPU.ActiveCfg = Debug|Any CPU
		{568F4AE6-5F2A-45E2-A89E-5FFB2058AF88}.Debug|Any CPU.Build.0 = Debug|Any CPU
		{568F4AE6-5F2A-45E2-A89E-5FFB2058AF88}.Release|Any CPU.ActiveCfg = Release|Any CPU
		{568F4AE6-5F2A-45E2-A89E-5FFB2058AF88}.Release|Any CPU.Build.0 = Release|Any CPU
		{235BAFF5-57BE-4CD4-BA22-F5AC59ED8246}.Debug|Any CPU.ActiveCfg = Debug|Any CPU
		{235BAFF5-57BE-4CD4-BA22-F5AC59ED8246}.Debug|Any CPU.Build.0 = Debug|Any CPU
		{235BAFF5-57BE-4CD4-BA22-F5AC59ED8246}.Release|Any CPU.ActiveCfg = Release|Any CPU
		{235BAFF5-57BE-4CD4-BA22-F5AC59ED8246}.Release|Any CPU.Build.0 = Release|Any CPU
		{B586C4EE-208D-470A-A111-1DDD40C9258A}.Debug|Any CPU.ActiveCfg = Debug|Any CPU
		{B586C4EE-208D-470A-A111-1DDD40C9258A}.Debug|Any CPU.Build.0 = Debug|Any CPU
		{B586C4EE-208D-470A-A111-1DDD40C9258A}.Release|Any CPU.ActiveCfg = Release|Any CPU
		{B586C4EE-208D-470A-A111-1DDD40C9258A}.Release|Any CPU.Build.0 = Release|Any CPU
		{8597F86B-5BAC-42A0-88C0-196FAE8ABE2C}.Debug|Any CPU.ActiveCfg = Debug|Any CPU
		{8597F86B-5BAC-42A0-88C0-196FAE8ABE2C}.Debug|Any CPU.Build.0 = Debug|Any CPU
		{8597F86B-5BAC-42A0-88C0-196FAE8ABE2C}.Release|Any CPU.ActiveCfg = Release|Any CPU
		{8597F86B-5BAC-42A0-88C0-196FAE8ABE2C}.Release|Any CPU.Build.0 = Release|Any CPU
		{27A89767-5993-4DBB-9753-1BF57EE24B2F}.Debug|Any CPU.ActiveCfg = Debug|Any CPU
		{27A89767-5993-4DBB-9753-1BF57EE24B2F}.Debug|Any CPU.Build.0 = Debug|Any CPU
		{27A89767-5993-4DBB-9753-1BF57EE24B2F}.Release|Any CPU.ActiveCfg = Release|Any CPU
		{27A89767-5993-4DBB-9753-1BF57EE24B2F}.Release|Any CPU.Build.0 = Release|Any CPU
		{E4769200-A9AD-45A5-BE9B-17985E8715E0}.Debug|Any CPU.ActiveCfg = Debug|Any CPU
		{E4769200-A9AD-45A5-BE9B-17985E8715E0}.Debug|Any CPU.Build.0 = Debug|Any CPU
		{E4769200-A9AD-45A5-BE9B-17985E8715E0}.Release|Any CPU.ActiveCfg = Release|Any CPU
		{E4769200-A9AD-45A5-BE9B-17985E8715E0}.Release|Any CPU.Build.0 = Release|Any CPU
		{C4F5D0FA-49E7-463B-8543-DD710D67308C}.Debug|Any CPU.ActiveCfg = Debug|Any CPU
		{C4F5D0FA-49E7-463B-8543-DD710D67308C}.Debug|Any CPU.Build.0 = Debug|Any CPU
		{C4F5D0FA-49E7-463B-8543-DD710D67308C}.Release|Any CPU.ActiveCfg = Release|Any CPU
		{C4F5D0FA-49E7-463B-8543-DD710D67308C}.Release|Any CPU.Build.0 = Release|Any CPU
		{B586C4EE-208D-470A-A111-1DDD40C9258A}.Debug|Any CPU.ActiveCfg = Debug|Any CPU
		{B586C4EE-208D-470A-A111-1DDD40C9258A}.Debug|Any CPU.Build.0 = Debug|Any CPU
		{B586C4EE-208D-470A-A111-1DDD40C9258A}.Release|Any CPU.ActiveCfg = Release|Any CPU
		{B586C4EE-208D-470A-A111-1DDD40C9258A}.Release|Any CPU.Build.0 = Release|Any CPU
		{8597F86B-5BAC-42A0-88C0-196FAE8ABE2C}.Debug|Any CPU.ActiveCfg = Debug|Any CPU
		{8597F86B-5BAC-42A0-88C0-196FAE8ABE2C}.Debug|Any CPU.Build.0 = Debug|Any CPU
		{8597F86B-5BAC-42A0-88C0-196FAE8ABE2C}.Release|Any CPU.ActiveCfg = Release|Any CPU
		{8597F86B-5BAC-42A0-88C0-196FAE8ABE2C}.Release|Any CPU.Build.0 = Release|Any CPU
		{8CEE17FE-9A99-429F-A81D-EED554E15C5E}.Debug|Any CPU.ActiveCfg = Debug|Any CPU
		{8CEE17FE-9A99-429F-A81D-EED554E15C5E}.Debug|Any CPU.Build.0 = Debug|Any CPU
		{8CEE17FE-9A99-429F-A81D-EED554E15C5E}.Release|Any CPU.ActiveCfg = Release|Any CPU
		{8CEE17FE-9A99-429F-A81D-EED554E15C5E}.Release|Any CPU.Build.0 = Release|Any CPU
	EndGlobalSection
	GlobalSection(SolutionProperties) = preSolution
		HideSolutionNode = FALSE
	EndGlobalSection
	GlobalSection(NestedProjects) = preSolution
		{C0663C3E-CD50-4D2C-9D3C-AA422085273C} = {26D8AFC2-AA8F-4FBB-B78B-AC7822564698}
		{8CEE17FE-9A99-429F-A81D-EED554E15C5E} = {26D8AFC2-AA8F-4FBB-B78B-AC7822564698}
	EndGlobalSection
	GlobalSection(ExtensibilityGlobals) = postSolution
		SolutionGuid = {262A21CD-8B3D-4302-9721-BFF145130E31}
	EndGlobalSection
EndGlobal
